
Microsoft Visual Studio Solution File, Format Version 12.00
# Visual Studio Version 16
VisualStudioVersion = 16.0.30225.117
MinimumVisualStudioVersion = 10.0.40219.1
Project("{FAE04EC0-301F-11D3-BF4B-00C04F79EFBC}") = "ProjectMasters", "ProjectMasters.csproj", "{B8F90975-301B-483C-8B61-0BE03138F7FA}"
EndProject
Global
	GlobalSection(SolutionConfigurationPlatforms) = preSolution
		Debug|Any CPU = Debug|Any CPU
		Release|Any CPU = Release|Any CPU
	EndGlobalSection
	GlobalSection(ProjectConfigurationPlatforms) = postSolution
		{B8F90975-301B-483C-8B61-0BE03138F7FA}.Debug|Any CPU.ActiveCfg = Debug|Any CPU
		{B8F90975-301B-483C-8B61-0BE03138F7FA}.Debug|Any CPU.Build.0 = Debug|Any CPU
		{B8F90975-301B-483C-8B61-0BE03138F7FA}.Release|Any CPU.ActiveCfg = Release|Any CPU
		{B8F90975-301B-483C-8B61-0BE03138F7FA}.Release|Any CPU.Build.0 = Release|Any CPU
	EndGlobalSection
	GlobalSection(SolutionProperties) = preSolution
		HideSolutionNode = FALSE
	EndGlobalSection
	GlobalSection(ExtensibilityGlobals) = postSolution
		SolutionGuid = {B62C3A99-6179-4C2F-982B-65531730A75D}
	EndGlobalSection
EndGlobal
