
Microsoft Visual Studio Solution File, Format Version 12.00
# Visual Studio Version 16
VisualStudioVersion = 16.0.31205.134
MinimumVisualStudioVersion = 10.0.40219.1
Project("{9A19103F-16F7-4668-BE54-9A1E7A4F7556}") = "ProjectMasters.Web", "ProjectMasters.Web\ProjectMasters.Web.csproj", "{9DE8EE32-E998-4705-A215-B29CAC7FAC50}"
EndProject
Global
	GlobalSection(SolutionConfigurationPlatforms) = preSolution
		Debug|Any CPU = Debug|Any CPU
		Release|Any CPU = Release|Any CPU
	EndGlobalSection
	GlobalSection(ProjectConfigurationPlatforms) = postSolution
		{9DE8EE32-E998-4705-A215-B29CAC7FAC50}.Debug|Any CPU.ActiveCfg = Debug|Any CPU
		{9DE8EE32-E998-4705-A215-B29CAC7FAC50}.Debug|Any CPU.Build.0 = Debug|Any CPU
		{9DE8EE32-E998-4705-A215-B29CAC7FAC50}.Release|Any CPU.ActiveCfg = Release|Any CPU
		{9DE8EE32-E998-4705-A215-B29CAC7FAC50}.Release|Any CPU.Build.0 = Release|Any CPU
	EndGlobalSection
	GlobalSection(SolutionProperties) = preSolution
		HideSolutionNode = FALSE
	EndGlobalSection
	GlobalSection(ExtensibilityGlobals) = postSolution
		SolutionGuid = {4173E83F-B85F-452C-803B-36B2A85DCBA4}
	EndGlobalSection
EndGlobal
