
Microsoft Visual Studio Solution File, Format Version 12.00
# Visual Studio Version 16
VisualStudioVersion = 16.0.31025.194
MinimumVisualStudioVersion = 10.0.40219.1
Project("{9A19103F-16F7-4668-BE54-9A1E7A4F7556}") = "ProjectMasters.Web", "ProjectMasters.Web\ProjectMasters.Web.csproj", "{34885E97-0C75-4F08-93A9-C731CC0A539E}"
EndProject
Project("{9A19103F-16F7-4668-BE54-9A1E7A4F7556}") = "ProjectMasters.Games", "..\ProjectMasters.Games\ProjectMasters.Games.csproj", "{FDC2A3C5-F07E-4285-8C98-245058C513D8}"
EndProject
Project("{9A19103F-16F7-4668-BE54-9A1E7A4F7556}") = "ProjectMasters.Front", "..\ProjectMasters.Front\ProjectMasters.Front.csproj", "{B3BFCC71-6808-476D-984D-342175C98953}"
EndProject
Global
	GlobalSection(SolutionConfigurationPlatforms) = preSolution
		Debug|Any CPU = Debug|Any CPU
		Release|Any CPU = Release|Any CPU
	EndGlobalSection
	GlobalSection(ProjectConfigurationPlatforms) = postSolution
		{34885E97-0C75-4F08-93A9-C731CC0A539E}.Debug|Any CPU.ActiveCfg = Debug|Any CPU
		{34885E97-0C75-4F08-93A9-C731CC0A539E}.Debug|Any CPU.Build.0 = Debug|Any CPU
		{34885E97-0C75-4F08-93A9-C731CC0A539E}.Release|Any CPU.ActiveCfg = Release|Any CPU
		{34885E97-0C75-4F08-93A9-C731CC0A539E}.Release|Any CPU.Build.0 = Release|Any CPU
		{FDC2A3C5-F07E-4285-8C98-245058C513D8}.Debug|Any CPU.ActiveCfg = Debug|Any CPU
		{FDC2A3C5-F07E-4285-8C98-245058C513D8}.Debug|Any CPU.Build.0 = Debug|Any CPU
		{FDC2A3C5-F07E-4285-8C98-245058C513D8}.Release|Any CPU.ActiveCfg = Release|Any CPU
		{FDC2A3C5-F07E-4285-8C98-245058C513D8}.Release|Any CPU.Build.0 = Release|Any CPU
		{B3BFCC71-6808-476D-984D-342175C98953}.Debug|Any CPU.ActiveCfg = Debug|Any CPU
		{B3BFCC71-6808-476D-984D-342175C98953}.Debug|Any CPU.Build.0 = Debug|Any CPU
		{B3BFCC71-6808-476D-984D-342175C98953}.Release|Any CPU.ActiveCfg = Release|Any CPU
		{B3BFCC71-6808-476D-984D-342175C98953}.Release|Any CPU.Build.0 = Release|Any CPU
	EndGlobalSection
	GlobalSection(SolutionProperties) = preSolution
		HideSolutionNode = FALSE
	EndGlobalSection
	GlobalSection(ExtensibilityGlobals) = postSolution
		SolutionGuid = {DED7B3E2-E17D-4996-8696-A64D65F0D1B1}
	EndGlobalSection
EndGlobal
